{
  "originHash" : "36f50ea466a5ebc119ff737cf89097cd2ee3a9f6d22d80031e3daf9090dae3dc",
  "pins" : [
    {
      "identity" : "capacitor-swift-pm",
      "kind" : "remoteSourceControl",
      "location" : "https://github.com/ionic-team/capacitor-swift-pm.git",
      "state" : {
        "revision" : "2231987d85b8b0b289320b1d0947b4ae8345cde4",
        "version" : "8.4.1"
      }
    }
  ],
  "version" : 3
}
